
Microsoft Visual Studio Solution File, Format Version 12.00
# Visual Studio 15
VisualStudioVersion = 15.0.27703.2000
MinimumVisualStudioVersion = 10.0.40219.1
Project("{FAE04EC0-301F-11D3-BF4B-00C04F79EFBC}") = "Belife.Datos", "Belife.Datos\Belife.Datos.csproj", "{4F128CB5-04C7-44C5-B830-858E11A04F15}"
EndProject
Project("{FAE04EC0-301F-11D3-BF4B-00C04F79EFBC}") = "Belife.Negocio", "Belife.Negocio\Belife.Negocio.csproj", "{52E47944-CACD-45A0-953F-E538201DCA1D}"
EndProject
Project("{FAE04EC0-301F-11D3-BF4B-00C04F79EFBC}") = "BeLifeWPF", "BeLifeWPF\BeLifeWPF.csproj", "{B8AD36D1-54CB-4F29-A9C6-CECF3D266427}"
EndProject
Global
	GlobalSection(SolutionConfigurationPlatforms) = preSolution
		Debug|Any CPU = Debug|Any CPU
		Release|Any CPU = Release|Any CPU
	EndGlobalSection
	GlobalSection(ProjectConfigurationPlatforms) = postSolution
		{4F128CB5-04C7-44C5-B830-858E11A04F15}.Debug|Any CPU.ActiveCfg = Debug|Any CPU
		{4F128CB5-04C7-44C5-B830-858E11A04F15}.Debug|Any CPU.Build.0 = Debug|Any CPU
		{4F128CB5-04C7-44C5-B830-858E11A04F15}.Release|Any CPU.ActiveCfg = Release|Any CPU
		{4F128CB5-04C7-44C5-B830-858E11A04F15}.Release|Any CPU.Build.0 = Release|Any CPU
		{52E47944-CACD-45A0-953F-E538201DCA1D}.Debug|Any CPU.ActiveCfg = Debug|Any CPU
		{52E47944-CACD-45A0-953F-E538201DCA1D}.Debug|Any CPU.Build.0 = Debug|Any CPU
		{52E47944-CACD-45A0-953F-E538201DCA1D}.Release|Any CPU.ActiveCfg = Release|Any CPU
		{52E47944-CACD-45A0-953F-E538201DCA1D}.Release|Any CPU.Build.0 = Release|Any CPU
		{B8AD36D1-54CB-4F29-A9C6-CECF3D266427}.Debug|Any CPU.ActiveCfg = Debug|Any CPU
		{B8AD36D1-54CB-4F29-A9C6-CECF3D266427}.Debug|Any CPU.Build.0 = Debug|Any CPU
		{B8AD36D1-54CB-4F29-A9C6-CECF3D266427}.Release|Any CPU.ActiveCfg = Release|Any CPU
		{B8AD36D1-54CB-4F29-A9C6-CECF3D266427}.Release|Any CPU.Build.0 = Release|Any CPU
	EndGlobalSection
	GlobalSection(SolutionProperties) = preSolution
		HideSolutionNode = FALSE
	EndGlobalSection
	GlobalSection(ExtensibilityGlobals) = postSolution
		SolutionGuid = {28713F9B-20E0-4C5E-9805-591F4572361A}
	EndGlobalSection
EndGlobal
